
Microsoft Visual Studio Solution File, Format Version 12.00
# Visual Studio Version 17
VisualStudioVersion = 17.5.33627.172
MinimumVisualStudioVersion = 10.0.40219.1
Project("{FAE04EC0-301F-11D3-BF4B-00C04F79EFBC}") = "DoctorWho", "DoctorWho\DoctorWho.csproj", "{7CCC7E33-8FD5-432F-8E10-C2ABAC617A55}"
EndProject
Global
	GlobalSection(SolutionConfigurationPlatforms) = preSolution
		Debug|Any CPU = Debug|Any CPU
		Release|Any CPU = Release|Any CPU
	EndGlobalSection
	GlobalSection(ProjectConfigurationPlatforms) = postSolution
		{7CCC7E33-8FD5-432F-8E10-C2ABAC617A55}.Debug|Any CPU.ActiveCfg = Debug|Any CPU
		{7CCC7E33-8FD5-432F-8E10-C2ABAC617A55}.Debug|Any CPU.Build.0 = Debug|Any CPU
		{7CCC7E33-8FD5-432F-8E10-C2ABAC617A55}.Release|Any CPU.ActiveCfg = Release|Any CPU
		{7CCC7E33-8FD5-432F-8E10-C2ABAC617A55}.Release|Any CPU.Build.0 = Release|Any CPU
	EndGlobalSection
	GlobalSection(SolutionProperties) = preSolution
		HideSolutionNode = FALSE
	EndGlobalSection
	GlobalSection(ExtensibilityGlobals) = postSolution
		SolutionGuid = {B77CFD8F-302A-49D0-9443-642AD0A4A611}
	EndGlobalSection
EndGlobal
